// !$*UTF8*$!
{
	archiveVersion = 1;
	classes = {
	};
	objectVersion = 70;
	objects = {

/* Begin PBXBuildFile section */
		AA081C002B9A7D5800E521A0 /* SearchAndFilterBar.swift in Sources */ = {isa = PBXBuildFile; fileRef = AA081BFF2B9A7D5800E521A0 /* SearchAndFilterBar.swift */; };
		AA081C022B9AA3DE00E521A0 /* ListingDetailView.swift in Sources */ = {isa = PBXBuildFile; fileRef = AA081C012B9AA3DE00E521A0 /* ListingDetailView.swift */; };
		AA081C052B9AA46C00E521A0 /* ImageCarouselView.swift in Sources */ = {isa = PBXBuildFile; fileRef = AA081C042B9AA46C00E521A0 /* ImageCarouselView.swift */; };
		AA081C072B9AC04100E521A0 /* DestinationSearchView.swift in Sources */ = {isa = PBXBuildFile; fileRef = AA081C062B9AC04100E521A0 /* DestinationSearchView.swift */; };
		AA081C092B9AD4C000E521A0 /* ProfileView.swift in Sources */ = {isa = PBXBuildFile; fileRef = AA081C082B9AD4C000E521A0 /* ProfileView.swift */; };
		AA081C0B2B9AD66300E521A0 /* ProfileOptionView.swift in Sources */ = {isa = PBXBuildFile; fileRef = AA081C0A2B9AD66300E521A0 /* ProfileOptionView.swift */; };
		AA081C0F2B9AD8E800E521A0 /* MainTabView.swift in Sources */ = {isa = PBXBuildFile; fileRef = AA081C0E2B9AD8E800E521A0 /* MainTabView.swift */; };
		AA3067842B9A6BA500519D63 /* SwiftUi_AirbnbApp.swift in Sources */ = {isa = PBXBuildFile; fileRef = AA3067832B9A6BA500519D63 /* SwiftUi_AirbnbApp.swift */; };
		AA3067862B9A6BA500519D63 /* ContentView.swift in Sources */ = {isa = PBXBuildFile; fileRef = AA3067852B9A6BA500519D63 /* ContentView.swift */; };
		AA3067882B9A6BA600519D63 /* Assets.xcassets in Resources */ = {isa = PBXBuildFile; fileRef = AA3067872B9A6BA600519D63 /* Assets.xcassets */; };
		AA30678B2B9A6BA600519D63 /* Preview Assets.xcassets in Resources */ = {isa = PBXBuildFile; fileRef = AA30678A2B9A6BA600519D63 /* Preview Assets.xcassets */; };
		AA30679E2B9A6CCB00519D63 /* ExploreView.swift in Sources */ = {isa = PBXBuildFile; fileRef = AA30679D2B9A6CCB00519D63 /* ExploreView.swift */; };
		AA3067A02B9A701500519D63 /* ListingItemView.swift in Sources */ = {isa = PBXBuildFile; fileRef = AA30679F2B9A701500519D63 /* ListingItemView.swift */; };
		AA7F6D3B2C22917F00D24EE7 /* ListingMapView.swift in Sources */ = {isa = PBXBuildFile; fileRef = AA7F6D3A2C22917F00D24EE7 /* ListingMapView.swift */; };
		AA7F6D3D2C23DA1100D24EE7 /* ListingMapPreviewView.swift in Sources */ = {isa = PBXBuildFile; fileRef = AA7F6D3C2C23DA1100D24EE7 /* ListingMapPreviewView.swift */; };
		AA7F6D712C27CBA700D24EE7 /* ProfileLoginView.swift in Sources */ = {isa = PBXBuildFile; fileRef = AA7F6D702C27CBA700D24EE7 /* ProfileLoginView.swift */; };
		AA7F6D732C27CBC900D24EE7 /* ProfileHeaderView.swift in Sources */ = {isa = PBXBuildFile; fileRef = AA7F6D722C27CBC900D24EE7 /* ProfileHeaderView.swift */; };
		AA7F6D752C27DC8F00D24EE7 /* CircularProfileImageView.swift in Sources */ = {isa = PBXBuildFile; fileRef = AA7F6D742C27DC8F00D24EE7 /* CircularProfileImageView.swift */; };
		AA88B9252B9B64C800CDFBB4 /* Listing.swift in Sources */ = {isa = PBXBuildFile; fileRef = AA88B9242B9B64C800CDFBB4 /* Listing.swift */; };
		AA88B9272B9B68F000CDFBB4 /* DeveloperPreview.swift in Sources */ = {isa = PBXBuildFile; fileRef = AA88B9262B9B68F000CDFBB4 /* DeveloperPreview.swift */; };
		AA88B92C2B9B6B7A00CDFBB4 /* ExploreViewModel.swift in Sources */ = {isa = PBXBuildFile; fileRef = AA88B92B2B9B6B7A00CDFBB4 /* ExploreViewModel.swift */; };
		AA88B92E2B9B6BD200CDFBB4 /* ExploreService.swift in Sources */ = {isa = PBXBuildFile; fileRef = AA88B92D2B9B6BD200CDFBB4 /* ExploreService.swift */; };
		AA88B9302B9B746A00CDFBB4 /* Region.swift in Sources */ = {isa = PBXBuildFile; fileRef = AA88B92F2B9B746A00CDFBB4 /* Region.swift */; };
		AADB78372C2B886E00E87C21 /* FirebaseAuth in Frameworks */ = {isa = PBXBuildFile; productRef = AADB78362C2B886E00E87C21 /* FirebaseAuth */; };
/* End PBXBuildFile section */

/* Begin PBXFileReference section */
		AA081BFF2B9A7D5800E521A0 /* SearchAndFilterBar.swift */ = {isa = PBXFileReference; lastKnownFileType = sourcecode.swift; path = SearchAndFilterBar.swift; sourceTree = "<group>"; };
		AA081C012B9AA3DE00E521A0 /* ListingDetailView.swift */ = {isa = PBXFileReference; lastKnownFileType = sourcecode.swift; path = ListingDetailView.swift; sourceTree = "<group>"; };
		AA081C042B9AA46C00E521A0 /* ImageCarouselView.swift */ = {isa = PBXFileReference; lastKnownFileType = sourcecode.swift; path = ImageCarouselView.swift; sourceTree = "<group>"; };
		AA081C062B9AC04100E521A0 /* DestinationSearchView.swift */ = {isa = PBXFileReference; lastKnownFileType = sourcecode.swift; path = DestinationSearchView.swift; sourceTree = "<group>"; };
		AA081C082B9AD4C000E521A0 /* ProfileView.swift */ = {isa = PBXFileReference; lastKnownFileType = sourcecode.swift; path = ProfileView.swift; sourceTree = "<group>"; };
		AA081C0A2B9AD66300E521A0 /* ProfileOptionView.swift */ = {isa = PBXFileReference; lastKnownFileType = sourcecode.swift; path = ProfileOptionView.swift; sourceTree = "<group>"; };
		AA081C0E2B9AD8E800E521A0 /* MainTabView.swift */ = {isa = PBXFileReference; lastKnownFileType = sourcecode.swift; path = MainTabView.swift; sourceTree = "<group>"; };
		AA3067802B9A6BA500519D63 /* SwiftUi-Airbnb.app */ = {isa = PBXFileReference; explicitFileType = wrapper.application; includeInIndex = 0; path = "SwiftUi-Airbnb.app"; sourceTree = BUILT_PRODUCTS_DIR; };
		AA3067832B9A6BA500519D63 /* SwiftUi_AirbnbApp.swift */ = {isa = PBXFileReference; lastKnownFileType = sourcecode.swift; path = SwiftUi_AirbnbApp.swift; sourceTree = "<group>"; };
		AA3067852B9A6BA500519D63 /* ContentView.swift */ = {isa = PBXFileReference; lastKnownFileType = sourcecode.swift; path = ContentView.swift; sourceTree = "<group>"; };
		AA3067872B9A6BA600519D63 /* Assets.xcassets */ = {isa = PBXFileReference; lastKnownFileType = folder.assetcatalog; path = Assets.xcassets; sourceTree = "<group>"; };
		AA30678A2B9A6BA600519D63 /* Preview Assets.xcassets */ = {isa = PBXFileReference; lastKnownFileType = folder.assetcatalog; path = "Preview Assets.xcassets"; sourceTree = "<group>"; };
		AA30679D2B9A6CCB00519D63 /* ExploreView.swift */ = {isa = PBXFileReference; lastKnownFileType = sourcecode.swift; path = ExploreView.swift; sourceTree = "<group>"; };
		AA30679F2B9A701500519D63 /* ListingItemView.swift */ = {isa = PBXFileReference; lastKnownFileType = sourcecode.swift; path = ListingItemView.swift; sourceTree = "<group>"; };
		AA7F6D3A2C22917F00D24EE7 /* ListingMapView.swift */ = {isa = PBXFileReference; lastKnownFileType = sourcecode.swift; path = ListingMapView.swift; sourceTree = "<group>"; };
		AA7F6D3C2C23DA1100D24EE7 /* ListingMapPreviewView.swift */ = {isa = PBXFileReference; lastKnownFileType = sourcecode.swift; path = ListingMapPreviewView.swift; sourceTree = "<group>"; };
		AA7F6D702C27CBA700D24EE7 /* ProfileLoginView.swift */ = {isa = PBXFileReference; lastKnownFileType = sourcecode.swift; path = ProfileLoginView.swift; sourceTree = "<group>"; };
		AA7F6D722C27CBC900D24EE7 /* ProfileHeaderView.swift */ = {isa = PBXFileReference; lastKnownFileType = sourcecode.swift; path = ProfileHeaderView.swift; sourceTree = "<group>"; };
		AA7F6D742C27DC8F00D24EE7 /* CircularProfileImageView.swift */ = {isa = PBXFileReference; lastKnownFileType = sourcecode.swift; path = CircularProfileImageView.swift; sourceTree = "<group>"; };
		AA88B9242B9B64C800CDFBB4 /* Listing.swift */ = {isa = PBXFileReference; lastKnownFileType = sourcecode.swift; path = Listing.swift; sourceTree = "<group>"; };
		AA88B9262B9B68F000CDFBB4 /* DeveloperPreview.swift */ = {isa = PBXFileReference; lastKnownFileType = sourcecode.swift; path = DeveloperPreview.swift; sourceTree = "<group>"; };
		AA88B92B2B9B6B7A00CDFBB4 /* ExploreViewModel.swift */ = {isa = PBXFileReference; lastKnownFileType = sourcecode.swift; path = ExploreViewModel.swift; sourceTree = "<group>"; };
		AA88B92D2B9B6BD200CDFBB4 /* ExploreService.swift */ = {isa = PBXFileReference; lastKnownFileType = sourcecode.swift; path = ExploreService.swift; sourceTree = "<group>"; };
		AA88B92F2B9B746A00CDFBB4 /* Region.swift */ = {isa = PBXFileReference; lastKnownFileType = sourcecode.swift; path = Region.swift; sourceTree = "<group>"; };
/* End PBXFileReference section */

/* Begin PBXFileSystemSynchronizedBuildFileExceptionSet section */
		AA7F6D472C25213300D24EE7 /* PBXFileSystemSynchronizedBuildFileExceptionSet */ = {
			isa = PBXFileSystemSynchronizedBuildFileExceptionSet;
			membershipExceptions = (
				LogInView.swift,
				RegistrationView.swift,
			);
			target = AA30677F2B9A6BA500519D63 /* SwiftUi-Airbnb */;
		};
		AA7F6D4D2C25253200D24EE7 /* PBXFileSystemSynchronizedBuildFileExceptionSet */ = {
			isa = PBXFileSystemSynchronizedBuildFileExceptionSet;
			membershipExceptions = (
				LogInViewModel.swift,
				RegistrationViewModel.swift,
			);
			target = AA30677F2B9A6BA500519D63 /* SwiftUi-Airbnb */;
		};
		AA7F6D532C25448800D24EE7 /* PBXFileSystemSynchronizedBuildFileExceptionSet */ = {
			isa = PBXFileSystemSynchronizedBuildFileExceptionSet;
			membershipExceptions = (
				PrimaryButtonModifier.swift,
				PrimaryTextFieldModifier.swift,
			);
			target = AA30677F2B9A6BA500519D63 /* SwiftUi-Airbnb */;
		};
		AA7F6D582C262A1900D24EE7 /* PBXFileSystemSynchronizedBuildFileExceptionSet */ = {
			isa = PBXFileSystemSynchronizedBuildFileExceptionSet;
			membershipExceptions = (
				AuthFormProtocol.swift,
				AuthServiceProtocol.swift,
			);
			target = AA30677F2B9A6BA500519D63 /* SwiftUi-Airbnb */;
		};
		AA7F6D672C2694DA00D24EE7 /* PBXFileSystemSynchronizedBuildFileExceptionSet */ = {
			isa = PBXFileSystemSynchronizedBuildFileExceptionSet;
			membershipExceptions = (
				AuthService.swift,
				MockAuthService.swift,
			);
			target = AA30677F2B9A6BA500519D63 /* SwiftUi-Airbnb */;
		};
		AA7F6D6A2C269C6E00D24EE7 /* PBXFileSystemSynchronizedBuildFileExceptionSet */ = {
			isa = PBXFileSystemSynchronizedBuildFileExceptionSet;
			membershipExceptions = (
				AuthManager.swift,
			);
			target = AA30677F2B9A6BA500519D63 /* SwiftUi-Airbnb */;
		};
		AA7F6D792C27E27100D24EE7 /* PBXFileSystemSynchronizedBuildFileExceptionSet */ = {
			isa = PBXFileSystemSynchronizedBuildFileExceptionSet;
			membershipExceptions = (
				WishlistView.swift,
			);
			target = AA30677F2B9A6BA500519D63 /* SwiftUi-Airbnb */;
		};
		AA7F6D802C27E54800D24EE7 /* PBXFileSystemSynchronizedBuildFileExceptionSet */ = {
			isa = PBXFileSystemSynchronizedBuildFileExceptionSet;
			membershipExceptions = (
				WishlistEmptyStateView.swift,
				WishlistLoginView.swift,
			);
			target = AA30677F2B9A6BA500519D63 /* SwiftUi-Airbnb */;
		};
/* End PBXFileSystemSynchronizedBuildFileExceptionSet section */

/* Begin PBXFileSystemSynchronizedRootGroup section */
		AA7F6D3F2C2520CD00D24EE7 /* ViewModel */ = {isa = PBXFileSystemSynchronizedRootGroup; exceptions = (AA7F6D4D2C25253200D24EE7 /* PBXFileSystemSynchronizedBuildFileExceptionSet */, ); explicitFileTypes = {}; explicitFolders = (); path = ViewModel; sourceTree = "<group>"; };
		AA7F6D402C2520D800D24EE7 /* View */ = {isa = PBXFileSystemSynchronizedRootGroup; exceptions = (AA7F6D472C25213300D24EE7 /* PBXFileSystemSynchronizedBuildFileExceptionSet */, ); explicitFileTypes = {}; explicitFolders = (); path = View; sourceTree = "<group>"; };
		AA7F6D412C2520DA00D24EE7 /* Service */ = {isa = PBXFileSystemSynchronizedRootGroup; exceptions = (AA7F6D672C2694DA00D24EE7 /* PBXFileSystemSynchronizedBuildFileExceptionSet */, ); explicitFileTypes = {}; explicitFolders = (); path = Service; sourceTree = "<group>"; };
		AA7F6D422C2520DB00D24EE7 /* Protocol */ = {isa = PBXFileSystemSynchronizedRootGroup; exceptions = (AA7F6D582C262A1900D24EE7 /* PBXFileSystemSynchronizedBuildFileExceptionSet */, ); explicitFileTypes = {}; explicitFolders = (); path = Protocol; sourceTree = "<group>"; };
		AA7F6D432C2520E000D24EE7 /* Model */ = {isa = PBXFileSystemSynchronizedRootGroup; explicitFileTypes = {}; explicitFolders = (); path = Model; sourceTree = "<group>"; };
		AA7F6D442C2520E500D24EE7 /* Manager */ = {isa = PBXFileSystemSynchronizedRootGroup; exceptions = (AA7F6D6A2C269C6E00D24EE7 /* PBXFileSystemSynchronizedBuildFileExceptionSet */, ); explicitFileTypes = {}; explicitFolders = (); path = Manager; sourceTree = "<group>"; };
		AA7F6D502C25446800D24EE7 /* Modifier */ = {isa = PBXFileSystemSynchronizedRootGroup; exceptions = (AA7F6D532C25448800D24EE7 /* PBXFileSystemSynchronizedBuildFileExceptionSet */, ); explicitFileTypes = {}; explicitFolders = (); path = Modifier; sourceTree = "<group>"; };
		AA7F6D762C27E25C00D24EE7 /* View */ = {isa = PBXFileSystemSynchronizedRootGroup; exceptions = (AA7F6D792C27E27100D24EE7 /* PBXFileSystemSynchronizedBuildFileExceptionSet */, ); explicitFileTypes = {}; explicitFolders = (); path = View; sourceTree = "<group>"; };
		AA7F6D772C27E26600D24EE7 /* Model */ = {isa = PBXFileSystemSynchronizedRootGroup; explicitFileTypes = {}; explicitFolders = (); path = Model; sourceTree = "<group>"; };
		AA7F6D782C27E26900D24EE7 /* ViewModel */ = {isa = PBXFileSystemSynchronizedRootGroup; explicitFileTypes = {}; explicitFolders = (); path = ViewModel; sourceTree = "<group>"; };
		AA7F6D7F2C27E53A00D24EE7 /* Component */ = {isa = PBXFileSystemSynchronizedRootGroup; exceptions = (AA7F6D802C27E54800D24EE7 /* PBXFileSystemSynchronizedBuildFileExceptionSet */, ); explicitFileTypes = {}; explicitFolders = (); path = Component; sourceTree = "<group>"; };
/* End PBXFileSystemSynchronizedRootGroup section */

/* Begin PBXFrameworksBuildPhase section */
		AA30677D2B9A6BA500519D63 /* Frameworks */ = {
			isa = PBXFrameworksBuildPhase;
			buildActionMask = 2147483647;
			files = (
				AADB78372C2B886E00E87C21 /* FirebaseAuth in Frameworks */,
			);
			runOnlyForDeploymentPostprocessing = 0;
		};
/* End PBXFrameworksBuildPhase section */

/* Begin PBXGroup section */
		AA081C032B9AA44000E521A0 /* Component */ = {
			isa = PBXGroup;
			children = (
				AA081C042B9AA46C00E521A0 /* ImageCarouselView.swift */,
				AA7F6D742C27DC8F00D24EE7 /* CircularProfileImageView.swift */,
			);
			path = Component;
			sourceTree = "<group>";
		};
		AA3067772B9A6BA500519D63 = {
			isa = PBXGroup;
			children = (
				AA3067822B9A6BA500519D63 /* SwiftUi-Airbnb */,
				AA3067812B9A6BA500519D63 /* Products */,
			);
			sourceTree = "<group>";
		};
		AA3067812B9A6BA500519D63 /* Products */ = {
			isa = PBXGroup;
			children = (
				AA3067802B9A6BA500519D63 /* SwiftUi-Airbnb.app */,
			);
			name = Products;
			sourceTree = "<group>";
		};
		AA3067822B9A6BA500519D63 /* SwiftUi-Airbnb */ = {
			isa = PBXGroup;
			children = (
				AA3067912B9A6BC300519D63 /* App */,
				AA3067922B9A6BDC00519D63 /* Core */,
				AA3067932B9A6BEF00519D63 /* Extension */,
				AA3067942B9A6BF800519D63 /* Model */,
				AA3067892B9A6BA600519D63 /* Preview Content */,
				AA7F6D392C228FC800D24EE7 /* Resources */,
				AA3067952B9A6BFE00519D63 /* Utils */,
			);
			path = "SwiftUi-Airbnb";
			sourceTree = "<group>";
		};
		AA3067892B9A6BA600519D63 /* Preview Content */ = {
			isa = PBXGroup;
			children = (
				AA30678A2B9A6BA600519D63 /* Preview Assets.xcassets */,
			);
			path = "Preview Content";
			sourceTree = "<group>";
		};
		AA3067912B9A6BC300519D63 /* App */ = {
			isa = PBXGroup;
			children = (
				AA3067832B9A6BA500519D63 /* SwiftUi_AirbnbApp.swift */,
			);
			path = App;
			sourceTree = "<group>";
		};
		AA3067922B9A6BDC00519D63 /* Core */ = {
			isa = PBXGroup;
			children = (
				AA7F6D3E2C2520C700D24EE7 /* Auth */,
				AA081C032B9AA44000E521A0 /* Component */,
				AA3067962B9A6C3900519D63 /* Explore */,
				AA3067972B9A6C3F00519D63 /* Listings */,
				AA3067982B9A6C4600519D63 /* MapView */,
				AA3067992B9A6C4C00519D63 /* Profile */,
				AA30679B2B9A6C6400519D63 /* Root */,
				AA30679A2B9A6C5C00519D63 /* TabBar */,
				AA30679C2B9A6C6D00519D63 /* Wishlist */,
			);
			path = Core;
			sourceTree = "<group>";
		};
		AA3067932B9A6BEF00519D63 /* Extension */ = {
			isa = PBXGroup;
			children = (
				AA88B9262B9B68F000CDFBB4 /* DeveloperPreview.swift */,
				AA88B92F2B9B746A00CDFBB4 /* Region.swift */,
			);
			path = Extension;
			sourceTree = "<group>";
		};
		AA3067942B9A6BF800519D63 /* Model */ = {
			isa = PBXGroup;
			children = (
			);
			path = Model;
			sourceTree = "<group>";
		};
		AA3067952B9A6BFE00519D63 /* Utils */ = {
			isa = PBXGroup;
			children = (
				AA7F6D502C25446800D24EE7 /* Modifier */,
			);
			path = Utils;
			sourceTree = "<group>";
		};
		AA3067962B9A6C3900519D63 /* Explore */ = {
			isa = PBXGroup;
			children = (
				AA88B9292B9B6B5600CDFBB4 /* Service */,
				AA88B9282B9B6B4D00CDFBB4 /* View */,
				AA88B92A2B9B6B5D00CDFBB4 /* ViewModel */,
			);
			path = Explore;
			sourceTree = "<group>";
		};
		AA3067972B9A6C3F00519D63 /* Listings */ = {
			isa = PBXGroup;
			children = (
				AA88B9232B9B64AE00CDFBB4 /* View */,
				AA88B9222B9B64A200CDFBB4 /* Model */,
			);
			path = Listings;
			sourceTree = "<group>";
		};
		AA3067982B9A6C4600519D63 /* MapView */ = {
			isa = PBXGroup;
			children = (
			);
			path = MapView;
			sourceTree = "<group>";
		};
		AA3067992B9A6C4C00519D63 /* Profile */ = {
			isa = PBXGroup;
			children = (
				AA7F6D722C27CBC900D24EE7 /* ProfileHeaderView.swift */,
				AA7F6D702C27CBA700D24EE7 /* ProfileLoginView.swift */,
				AA081C0A2B9AD66300E521A0 /* ProfileOptionView.swift */,
				AA081C082B9AD4C000E521A0 /* ProfileView.swift */,
			);
			path = Profile;
			sourceTree = "<group>";
		};
		AA30679A2B9A6C5C00519D63 /* TabBar */ = {
			isa = PBXGroup;
			children = (
				AA081C0E2B9AD8E800E521A0 /* MainTabView.swift */,
			);
			path = TabBar;
			sourceTree = "<group>";
		};
		AA30679B2B9A6C6400519D63 /* Root */ = {
			isa = PBXGroup;
			children = (
				AA3067852B9A6BA500519D63 /* ContentView.swift */,
			);
			path = Root;
			sourceTree = "<group>";
		};
		AA30679C2B9A6C6D00519D63 /* Wishlist */ = {
			isa = PBXGroup;
			children = (
				AA7F6D7F2C27E53A00D24EE7 /* Component */,
				AA7F6D772C27E26600D24EE7 /* Model */,
				AA7F6D762C27E25C00D24EE7 /* View */,
				AA7F6D782C27E26900D24EE7 /* ViewModel */,
			);
			path = Wishlist;
			sourceTree = "<group>";
		};
		AA7F6D392C228FC800D24EE7 /* Resources */ = {
			isa = PBXGroup;
			children = (
				AA3067872B9A6BA600519D63 /* Assets.xcassets */,
			);
			path = Resources;
			sourceTree = "<group>";
		};
		AA7F6D3E2C2520C700D24EE7 /* Auth */ = {
			isa = PBXGroup;
			children = (
				AA7F6D442C2520E500D24EE7 /* Manager */,
				AA7F6D432C2520E000D24EE7 /* Model */,
				AA7F6D422C2520DB00D24EE7 /* Protocol */,
				AA7F6D412C2520DA00D24EE7 /* Service */,
				AA7F6D402C2520D800D24EE7 /* View */,
				AA7F6D3F2C2520CD00D24EE7 /* ViewModel */,
			);
			path = Auth;
			sourceTree = "<group>";
		};
		AA88B9222B9B64A200CDFBB4 /* Model */ = {
			isa = PBXGroup;
			children = (
				AA88B9242B9B64C800CDFBB4 /* Listing.swift */,
			);
			path = Model;
			sourceTree = "<group>";
		};
		AA88B9232B9B64AE00CDFBB4 /* View */ = {
			isa = PBXGroup;
			children = (
				AA30679F2B9A701500519D63 /* ListingItemView.swift */,
				AA081C012B9AA3DE00E521A0 /* ListingDetailView.swift */,
				AA7F6D3A2C22917F00D24EE7 /* ListingMapView.swift */,
				AA7F6D3C2C23DA1100D24EE7 /* ListingMapPreviewView.swift */,
			);
			path = View;
			sourceTree = "<group>";
		};
		AA88B9282B9B6B4D00CDFBB4 /* View */ = {
			isa = PBXGroup;
			children = (
				AA30679D2B9A6CCB00519D63 /* ExploreView.swift */,
				AA081BFF2B9A7D5800E521A0 /* SearchAndFilterBar.swift */,
				AA081C062B9AC04100E521A0 /* DestinationSearchView.swift */,
			);
			path = View;
			sourceTree = "<group>";
		};
		AA88B9292B9B6B5600CDFBB4 /* Service */ = {
			isa = PBXGroup;
			children = (
				AA88B92D2B9B6BD200CDFBB4 /* ExploreService.swift */,
			);
			path = Service;
			sourceTree = "<group>";
		};
		AA88B92A2B9B6B5D00CDFBB4 /* ViewModel */ = {
			isa = PBXGroup;
			children = (
				AA88B92B2B9B6B7A00CDFBB4 /* ExploreViewModel.swift */,
			);
			path = ViewModel;
			sourceTree = "<group>";
		};
/* End PBXGroup section */

/* Begin PBXNativeTarget section */
		AA30677F2B9A6BA500519D63 /* SwiftUi-Airbnb */ = {
			isa = PBXNativeTarget;
			buildConfigurationList = AA30678E2B9A6BA600519D63 /* Build configuration list for PBXNativeTarget "SwiftUi-Airbnb" */;
			buildPhases = (
				AA30677C2B9A6BA500519D63 /* Sources */,
				AA30677D2B9A6BA500519D63 /* Frameworks */,
				AA30677E2B9A6BA500519D63 /* Resources */,
			);
			buildRules = (
			);
			dependencies = (
			);
			name = "SwiftUi-Airbnb";
			packageProductDependencies = (
				AADB78362C2B886E00E87C21 /* FirebaseAuth */,
			);
			productName = "SwiftUi-Airbnb";
			productReference = AA3067802B9A6BA500519D63 /* SwiftUi-Airbnb.app */;
			productType = "com.apple.product-type.application";
		};
/* End PBXNativeTarget section */

/* Begin PBXProject section */
		AA3067782B9A6BA500519D63 /* Project object */ = {
			isa = PBXProject;
			attributes = {
				BuildIndependentTargetsInParallel = 1;
				LastSwiftUpdateCheck = 1520;
				LastUpgradeCheck = 1520;
				TargetAttributes = {
					AA30677F2B9A6BA500519D63 = {
						CreatedOnToolsVersion = 15.2;
					};
				};
			};
			buildConfigurationList = AA30677B2B9A6BA500519D63 /* Build configuration list for PBXProject "SwiftUi-Airbnb" */;
			compatibilityVersion = "Xcode 14.0";
			developmentRegion = en;
			hasScannedForEncodings = 0;
			knownRegions = (
				en,
				Base,
			);
			mainGroup = AA3067772B9A6BA500519D63;
			packageReferences = (
				AADB78352C2B886E00E87C21 /* XCRemoteSwiftPackageReference "firebase-ios-sdk" */,
			);
			productRefGroup = AA3067812B9A6BA500519D63 /* Products */;
			projectDirPath = "";
			projectRoot = "";
			targets = (
				AA30677F2B9A6BA500519D63 /* SwiftUi-Airbnb */,
			);
		};
/* End PBXProject section */

/* Begin PBXResourcesBuildPhase section */
		AA30677E2B9A6BA500519D63 /* Resources */ = {
			isa = PBXResourcesBuildPhase;
			buildActionMask = 2147483647;
			files = (
				AA30678B2B9A6BA600519D63 /* Preview Assets.xcassets in Resources */,
				AA3067882B9A6BA600519D63 /* Assets.xcassets in Resources */,
			);
			runOnlyForDeploymentPostprocessing = 0;
		};
/* End PBXResourcesBuildPhase section */

/* Begin PBXSourcesBuildPhase section */
		AA30677C2B9A6BA500519D63 /* Sources */ = {
			isa = PBXSourcesBuildPhase;
			buildActionMask = 2147483647;
			files = (
				AA3067862B9A6BA500519D63 /* ContentView.swift in Sources */,
				AA88B9302B9B746A00CDFBB4 /* Region.swift in Sources */,
				AA081C092B9AD4C000E521A0 /* ProfileView.swift in Sources */,
				AA081C072B9AC04100E521A0 /* DestinationSearchView.swift in Sources */,
				AA7F6D732C27CBC900D24EE7 /* ProfileHeaderView.swift in Sources */,
				AA081C0B2B9AD66300E521A0 /* ProfileOptionView.swift in Sources */,
				AA3067A02B9A701500519D63 /* ListingItemView.swift in Sources */,
				AA30679E2B9A6CCB00519D63 /* ExploreView.swift in Sources */,
				AA88B92C2B9B6B7A00CDFBB4 /* ExploreViewModel.swift in Sources */,
				AA7F6D752C27DC8F00D24EE7 /* CircularProfileImageView.swift in Sources */,
				AA081C002B9A7D5800E521A0 /* SearchAndFilterBar.swift in Sources */,
				AA88B9252B9B64C800CDFBB4 /* Listing.swift in Sources */,
				AA081C022B9AA3DE00E521A0 /* ListingDetailView.swift in Sources */,
				AA7F6D3D2C23DA1100D24EE7 /* ListingMapPreviewView.swift in Sources */,
				AA081C052B9AA46C00E521A0 /* ImageCarouselView.swift in Sources */,
				AA3067842B9A6BA500519D63 /* SwiftUi_AirbnbApp.swift in Sources */,
				AA081C0F2B9AD8E800E521A0 /* MainTabView.swift in Sources */,
				AA88B9272B9B68F000CDFBB4 /* DeveloperPreview.swift in Sources */,
				AA7F6D712C27CBA700D24EE7 /* ProfileLoginView.swift in Sources */,
				AA7F6D3B2C22917F00D24EE7 /* ListingMapView.swift in Sources */,
				AA88B92E2B9B6BD200CDFBB4 /* ExploreService.swift in Sources */,
			);
			runOnlyForDeploymentPostprocessing = 0;
		};
/* End PBXSourcesBuildPhase section */

/* Begin XCBuildConfiguration section */
		AA30678C2B9A6BA600519D63 /* Debug */ = {
			isa = XCBuildConfiguration;
			buildSettings = {
				ALWAYS_SEARCH_USER_PATHS = NO;
				ASSETCATALOG_COMPILER_GENERATE_SWIFT_ASSET_SYMBOL_EXTENSIONS = YES;
				CLANG_ANALYZER_NONNULL = YES;
				CLANG_ANALYZER_NUMBER_OBJECT_CONVERSION = YES_AGGRESSIVE;
				CLANG_CXX_LANGUAGE_STANDARD = "gnu++20";
				CLANG_ENABLE_MODULES = YES;
				CLANG_ENABLE_OBJC_ARC = YES;
				CLANG_ENABLE_OBJC_WEAK = YES;
				CLANG_WARN_BLOCK_CAPTURE_AUTORELEASING = YES;
				CLANG_WARN_BOOL_CONVERSION = YES;
				CLANG_WARN_COMMA = YES;
				CLANG_WARN_CONSTANT_CONVERSION = YES;
				CLANG_WARN_DEPRECATED_OBJC_IMPLEMENTATIONS = YES;
				CLANG_WARN_DIRECT_OBJC_ISA_USAGE = YES_ERROR;
				CLANG_WARN_DOCUMENTATION_COMMENTS = YES;
				CLANG_WARN_EMPTY_BODY = YES;
				CLANG_WARN_ENUM_CONVERSION = YES;
				CLANG_WARN_INFINITE_RECURSION = YES;
				CLANG_WARN_INT_CONVERSION = YES;
				CLANG_WARN_NON_LITERAL_NULL_CONVERSION = YES;
				CLANG_WARN_OBJC_IMPLICIT_RETAIN_SELF = YES;
				CLANG_WARN_OBJC_LITERAL_CONVERSION = YES;
				CLANG_WARN_OBJC_ROOT_CLASS = YES_ERROR;
				CLANG_WARN_QUOTED_INCLUDE_IN_FRAMEWORK_HEADER = YES;
				CLANG_WARN_RANGE_LOOP_ANALYSIS = YES;
				CLANG_WARN_STRICT_PROTOTYPES = YES;
				CLANG_WARN_SUSPICIOUS_MOVE = YES;
				CLANG_WARN_UNGUARDED_AVAILABILITY = YES_AGGRESSIVE;
				CLANG_WARN_UNREACHABLE_CODE = YES;
				CLANG_WARN__DUPLICATE_METHOD_MATCH = YES;
				COPY_PHASE_STRIP = NO;
				DEBUG_INFORMATION_FORMAT = dwarf;
				ENABLE_STRICT_OBJC_MSGSEND = YES;
				ENABLE_TESTABILITY = YES;
				ENABLE_USER_SCRIPT_SANDBOXING = YES;
				GCC_C_LANGUAGE_STANDARD = gnu17;
				GCC_DYNAMIC_NO_PIC = NO;
				GCC_NO_COMMON_BLOCKS = YES;
				GCC_OPTIMIZATION_LEVEL = 0;
				GCC_PREPROCESSOR_DEFINITIONS = (
					"DEBUG=1",
					"$(inherited)",
				);
				GCC_WARN_64_TO_32_BIT_CONVERSION = YES;
				GCC_WARN_ABOUT_RETURN_TYPE = YES_ERROR;
				GCC_WARN_UNDECLARED_SELECTOR = YES;
				GCC_WARN_UNINITIALIZED_AUTOS = YES_AGGRESSIVE;
				GCC_WARN_UNUSED_FUNCTION = YES;
				GCC_WARN_UNUSED_VARIABLE = YES;
				IPHONEOS_DEPLOYMENT_TARGET = 17.2;
				LOCALIZATION_PREFERS_STRING_CATALOGS = YES;
				MTL_ENABLE_DEBUG_INFO = INCLUDE_SOURCE;
				MTL_FAST_MATH = YES;
				ONLY_ACTIVE_ARCH = YES;
				SDKROOT = iphoneos;
				SWIFT_ACTIVE_COMPILATION_CONDITIONS = "DEBUG $(inherited)";
				SWIFT_OPTIMIZATION_LEVEL = "-Onone";
			};
			name = Debug;
		};
		AA30678D2B9A6BA600519D63 /* Release */ = {
			isa = XCBuildConfiguration;
			buildSettings = {
				ALWAYS_SEARCH_USER_PATHS = NO;
				ASSETCATALOG_COMPILER_GENERATE_SWIFT_ASSET_SYMBOL_EXTENSIONS = YES;
				CLANG_ANALYZER_NONNULL = YES;
				CLANG_ANALYZER_NUMBER_OBJECT_CONVERSION = YES_AGGRESSIVE;
				CLANG_CXX_LANGUAGE_STANDARD = "gnu++20";
				CLANG_ENABLE_MODULES = YES;
				CLANG_ENABLE_OBJC_ARC = YES;
				CLANG_ENABLE_OBJC_WEAK = YES;
				CLANG_WARN_BLOCK_CAPTURE_AUTORELEASING = YES;
				CLANG_WARN_BOOL_CONVERSION = YES;
				CLANG_WARN_COMMA = YES;
				CLANG_WARN_CONSTANT_CONVERSION = YES;
				CLANG_WARN_DEPRECATED_OBJC_IMPLEMENTATIONS = YES;
				CLANG_WARN_DIRECT_OBJC_ISA_USAGE = YES_ERROR;
				CLANG_WARN_DOCUMENTATION_COMMENTS = YES;
				CLANG_WARN_EMPTY_BODY = YES;
				CLANG_WARN_ENUM_CONVERSION = YES;
				CLANG_WARN_INFINITE_RECURSION = YES;
				CLANG_WARN_INT_CONVERSION = YES;
				CLANG_WARN_NON_LITERAL_NULL_CONVERSION = YES;
				CLANG_WARN_OBJC_IMPLICIT_RETAIN_SELF = YES;
				CLANG_WARN_OBJC_LITERAL_CONVERSION = YES;
				CLANG_WARN_OBJC_ROOT_CLASS = YES_ERROR;
				CLANG_WARN_QUOTED_INCLUDE_IN_FRAMEWORK_HEADER = YES;
				CLANG_WARN_RANGE_LOOP_ANALYSIS = YES;
				CLANG_WARN_STRICT_PROTOTYPES = YES;
				CLANG_WARN_SUSPICIOUS_MOVE = YES;
				CLANG_WARN_UNGUARDED_AVAILABILITY = YES_AGGRESSIVE;
				CLANG_WARN_UNREACHABLE_CODE = YES;
				CLANG_WARN__DUPLICATE_METHOD_MATCH = YES;
				COPY_PHASE_STRIP = NO;
				DEBUG_INFORMATION_FORMAT = "dwarf-with-dsym";
				ENABLE_NS_ASSERTIONS = NO;
				ENABLE_STRICT_OBJC_MSGSEND = YES;
				ENABLE_USER_SCRIPT_SANDBOXING = YES;
				GCC_C_LANGUAGE_STANDARD = gnu17;
				GCC_NO_COMMON_BLOCKS = YES;
				GCC_WARN_64_TO_32_BIT_CONVERSION = YES;
				GCC_WARN_ABOUT_RETURN_TYPE = YES_ERROR;
				GCC_WARN_UNDECLARED_SELECTOR = YES;
				GCC_WARN_UNINITIALIZED_AUTOS = YES_AGGRESSIVE;
				GCC_WARN_UNUSED_FUNCTION = YES;
				GCC_WARN_UNUSED_VARIABLE = YES;
				IPHONEOS_DEPLOYMENT_TARGET = 17.2;
				LOCALIZATION_PREFERS_STRING_CATALOGS = YES;
				MTL_ENABLE_DEBUG_INFO = NO;
				MTL_FAST_MATH = YES;
				SDKROOT = iphoneos;
				SWIFT_COMPILATION_MODE = wholemodule;
				VALIDATE_PRODUCT = YES;
			};
			name = Release;
		};
		AA30678F2B9A6BA600519D63 /* Debug */ = {
			isa = XCBuildConfiguration;
			buildSettings = {
				ASSETCATALOG_COMPILER_APPICON_NAME = AppIcon;
				ASSETCATALOG_COMPILER_GLOBAL_ACCENT_COLOR_NAME = AccentColor;
				CODE_SIGN_STYLE = Automatic;
				CURRENT_PROJECT_VERSION = 1;
				DEVELOPMENT_ASSET_PATHS = "\"SwiftUi-Airbnb/Preview Content\"";
				DEVELOPMENT_TEAM = V68G6QN9H5;
				ENABLE_PREVIEWS = YES;
				GENERATE_INFOPLIST_FILE = YES;
				INFOPLIST_KEY_UIApplicationSceneManifest_Generation = YES;
				INFOPLIST_KEY_UIApplicationSupportsIndirectInputEvents = YES;
				INFOPLIST_KEY_UILaunchScreen_Generation = YES;
				INFOPLIST_KEY_UISupportedInterfaceOrientations_iPad = "UIInterfaceOrientationPortrait UIInterfaceOrientationPortraitUpsideDown UIInterfaceOrientationLandscapeLeft UIInterfaceOrientationLandscapeRight";
				INFOPLIST_KEY_UISupportedInterfaceOrientations_iPhone = "UIInterfaceOrientationPortrait UIInterfaceOrientationLandscapeLeft UIInterfaceOrientationLandscapeRight";
				LD_RUNPATH_SEARCH_PATHS = (
					"$(inherited)",
					"@executable_path/Frameworks",
				);
				MARKETING_VERSION = 1.0;
				PRODUCT_BUNDLE_IDENTIFIER = "jaimenguyen.SwiftUi-Airbnb";
				PRODUCT_NAME = "$(TARGET_NAME)";
				SWIFT_EMIT_LOC_STRINGS = YES;
				SWIFT_VERSION = 5.0;
				TARGETED_DEVICE_FAMILY = "1,2";
			};
			name = Debug;
		};
		AA3067902B9A6BA600519D63 /* Release */ = {
			isa = XCBuildConfiguration;
			buildSettings = {
				ASSETCATALOG_COMPILER_APPICON_NAME = AppIcon;
				ASSETCATALOG_COMPILER_GLOBAL_ACCENT_COLOR_NAME = AccentColor;
				CODE_SIGN_STYLE = Automatic;
				CURRENT_PROJECT_VERSION = 1;
				DEVELOPMENT_ASSET_PATHS = "\"SwiftUi-Airbnb/Preview Content\"";
				DEVELOPMENT_TEAM = V68G6QN9H5;
				ENABLE_PREVIEWS = YES;
				GENERATE_INFOPLIST_FILE = YES;
				INFOPLIST_KEY_UIApplicationSceneManifest_Generation = YES;
				INFOPLIST_KEY_UIApplicationSupportsIndirectInputEvents = YES;
				INFOPLIST_KEY_UILaunchScreen_Generation = YES;
				INFOPLIST_KEY_UISupportedInterfaceOrientations_iPad = "UIInterfaceOrientationPortrait UIInterfaceOrientationPortraitUpsideDown UIInterfaceOrientationLandscapeLeft UIInterfaceOrientationLandscapeRight";
				INFOPLIST_KEY_UISupportedInterfaceOrientations_iPhone = "UIInterfaceOrientationPortrait UIInterfaceOrientationLandscapeLeft UIInterfaceOrientationLandscapeRight";
				LD_RUNPATH_SEARCH_PATHS = (
					"$(inherited)",
					"@executable_path/Frameworks",
				);
				MARKETING_VERSION = 1.0;
				PRODUCT_BUNDLE_IDENTIFIER = "jaimenguyen.SwiftUi-Airbnb";
				PRODUCT_NAME = "$(TARGET_NAME)";
				SWIFT_EMIT_LOC_STRINGS = YES;
				SWIFT_VERSION = 5.0;
				TARGETED_DEVICE_FAMILY = "1,2";
			};
			name = Release;
		};
/* End XCBuildConfiguration section */

/* Begin XCConfigurationList section */
		AA30677B2B9A6BA500519D63 /* Build configuration list for PBXProject "SwiftUi-Airbnb" */ = {
			isa = XCConfigurationList;
			buildConfigurations = (
				AA30678C2B9A6BA600519D63 /* Debug */,
				AA30678D2B9A6BA600519D63 /* Release */,
			);
			defaultConfigurationIsVisible = 0;
			defaultConfigurationName = Release;
		};
		AA30678E2B9A6BA600519D63 /* Build configuration list for PBXNativeTarget "SwiftUi-Airbnb" */ = {
			isa = XCConfigurationList;
			buildConfigurations = (
				AA30678F2B9A6BA600519D63 /* Debug */,
				AA3067902B9A6BA600519D63 /* Release */,
			);
			defaultConfigurationIsVisible = 0;
			defaultConfigurationName = Release;
		};
/* End XCConfigurationList section */

/* Begin XCRemoteSwiftPackageReference section */
		AADB78352C2B886E00E87C21 /* XCRemoteSwiftPackageReference "firebase-ios-sdk" */ = {
			isa = XCRemoteSwiftPackageReference;
			repositoryURL = "https://github.com/firebase/firebase-ios-sdk";
			requirement = {
				kind = upToNextMajorVersion;
				minimumVersion = 10.28.1;
			};
		};
/* End XCRemoteSwiftPackageReference section */

/* Begin XCSwiftPackageProductDependency section */
		AADB78362C2B886E00E87C21 /* FirebaseAuth */ = {
			isa = XCSwiftPackageProductDependency;
			package = AADB78352C2B886E00E87C21 /* XCRemoteSwiftPackageReference "firebase-ios-sdk" */;
			productName = FirebaseAuth;
		};
/* End XCSwiftPackageProductDependency section */
	};
	rootObject = AA3067782B9A6BA500519D63 /* Project object */;
}
